{
  "name": "gatsby-theme-casper",
  "version": "0.0.0",
  "lockfileVersion": 1,
  "requires": true,
  "dependencies": {
    "@types/mkdirp": {
      "version": "0.5.2",
      "resolved": "https://registry.npmjs.org/@types/mkdirp/-/mkdirp-0.5.2.tgz",
      "integrity": "sha512-U5icWpv7YnZYGsN4/cmh3WD2onMY0aJIiTE6+51TwJCttdHvtCYmkBNOobHlXwrJRL0nkH9jH4kD+1FAdMN4Tg==",
      "dev": true,
      "requires": {
        "@types/node": "*"
      }
    },
    "@types/node": {
      "version": "12.6.8",
      "resolved": "https://registry.npmjs.org/@types/node/-/node-12.6.8.tgz",
      "integrity": "sha512-aX+gFgA5GHcDi89KG5keey2zf0WfZk/HAQotEamsK2kbey+8yGKcson0hbK8E+v0NArlCJQCqMP161YhV6ZXLg==",
      "dev": true
    },
    "minimist": {
      "version": "0.0.8",
      "resolved": "https://registry.npmjs.org/minimist/-/minimist-0.0.8.tgz",
      "integrity": "sha1-hX/Kv8M5fSYluCKCYuhqp6ARsF0="
    },
    "mkdirp": {
      "version": "0.5.1",
      "resolved": "https://registry.npmjs.org/mkdirp/-/mkdirp-0.5.1.tgz",
      "integrity": "sha1-MAV0OOrGz3+MR2fzhkjWaX11yQM=",
      "requires": {
        "minimist": "0.0.8"
      }
    }
  }
}
